
Microsoft Visual Studio Solution File, Format Version 12.00
# Visual Studio Version 17
VisualStudioVersion = 17.1.32113.165
MinimumVisualStudioVersion = 10.0.40219.1
Project("{2150E333-8FDC-42A3-9474-1A3956D46DE8}") = "Solution Items", "Solution Items", "{9A64FA9E-AC6C-4C1F-B648-E9E64F172EA8}"
	ProjectSection(SolutionItems) = preProject
		.editorconfig = .editorconfig
		README.md = README.md
	EndProjectSection
EndProject
Project("{9A19103F-16F7-4668-BE54-9A1E7A4F7556}") = "EdjCase.ICP.Agent", "src\Agent\EdjCase.ICP.Agent.csproj", "{773B18A6-5864-4FAE-B6B0-A863FE8F151C}"
EndProject
Project("{9A19103F-16F7-4668-BE54-9A1E7A4F7556}") = "EdjCase.ICP.Candid", "src\Candid\EdjCase.ICP.Candid.csproj", "{8EF917C9-479A-4DE1-9FE1-EB0066BA601A}"
EndProject
Project("{9A19103F-16F7-4668-BE54-9A1E7A4F7556}") = "Sample.CLI", "samples\Sample.CLI\Sample.CLI.csproj", "{99A0577B-3900-4A2D-905A-777FD86C60F8}"
EndProject
Project("{2150E333-8FDC-42A3-9474-1A3956D46DE8}") = "test", "test", "{F71B8320-C279-4A79-A8D4-4039DB39D522}"
EndProject
Project("{9A19103F-16F7-4668-BE54-9A1E7A4F7556}") = "Candid.Tests", "test\Candid.Tests\Candid.Tests.csproj", "{7F367130-1A9C-4E87-AA50-620767F10EF7}"
EndProject
Project("{9A19103F-16F7-4668-BE54-9A1E7A4F7556}") = "Sample.BlazorWebAssembly.Server", "samples\Sample.BlazorWebAssembly\Server\Sample.BlazorWebAssembly.Server.csproj", "{BF698A87-5C8D-4C60-B704-9F1045156639}"
EndProject
Project("{9A19103F-16F7-4668-BE54-9A1E7A4F7556}") = "Sample.BlazorWebAssembly.Client", "samples\Sample.BlazorWebAssembly\Client\Sample.BlazorWebAssembly.Client.csproj", "{0C78536E-AD2B-47CF-A784-3EBF49DD0A47}"
EndProject
Project("{2150E333-8FDC-42A3-9474-1A3956D46DE8}") = "samples", "samples", "{7FADA9D9-5FDA-4CFB-8A53-A578A61FBBA9}"
EndProject
Project("{9A19103F-16F7-4668-BE54-9A1E7A4F7556}") = "Sample.Shared", "samples\Sample.Shared\Sample.Shared.csproj", "{DDCE02AF-6DEE-485B-AA69-C69F0973E00B}"
EndProject
Project("{9A19103F-16F7-4668-BE54-9A1E7A4F7556}") = "Sample.RestAPI", "samples\Sample.RestAPI\Sample.RestAPI.csproj", "{F76CA92C-211B-46A7-8B21-A808291B268E}"
EndProject
Project("{9A19103F-16F7-4668-BE54-9A1E7A4F7556}") = "EdjCase.ICP.ClientGenerator", "src\ClientGenerator\EdjCase.ICP.ClientGenerator.csproj", "{1C184ECB-7653-4DC1-B453-E529656897CB}"
EndProject
Project("{9A19103F-16F7-4668-BE54-9A1E7A4F7556}") = "EdjCase.ICP.InternetIdentity", "src\InternetIdentity\EdjCase.ICP.InternetIdentity.csproj", "{6030010B-7BA2-4305-B999-F92995478E02}"
EndProject
Project("{9A19103F-16F7-4668-BE54-9A1E7A4F7556}") = "Fido2Net", "Fido2Net\Fido2Net\Fido2Net.csproj", "{9539D54D-1FBA-43D2-A813-E9EDB7976765}"
EndProject
Project("{9A19103F-16F7-4668-BE54-9A1E7A4F7556}") = "EdjCase.ICP.BLS", "src\BLS\EdjCase.ICP.BLS.csproj", "{DE71EFA5-C09A-4A04-9C27-DE2D360A3D10}"
EndProject
Project("{9A19103F-16F7-4668-BE54-9A1E7A4F7556}") = "Performance.Tests", "test\Performance.Tests\Performance.Tests.csproj", "{30E1F265-B243-46F5-81D5-B94E597FBCCD}"
EndProject
Project("{2150E333-8FDC-42A3-9474-1A3956D46DE8}") = "UnityAssets", "UnityAssets", "{94023B5A-0650-4E67-A685-D1C979DA717F}"
	ProjectSection(SolutionItems) = preProject
		UnityAssets\UnityHttp.cs = UnityAssets\UnityHttp.cs
	EndProjectSection
EndProject
Global
	GlobalSection(SolutionConfigurationPlatforms) = preSolution
		Debug|Any CPU = Debug|Any CPU
		Release|Any CPU = Release|Any CPU
	EndGlobalSection
	GlobalSection(ProjectConfigurationPlatforms) = postSolution
		{773B18A6-5864-4FAE-B6B0-A863FE8F151C}.Debug|Any CPU.ActiveCfg = Debug|Any CPU
		{773B18A6-5864-4FAE-B6B0-A863FE8F151C}.Debug|Any CPU.Build.0 = Debug|Any CPU
		{773B18A6-5864-4FAE-B6B0-A863FE8F151C}.Release|Any CPU.ActiveCfg = Release|Any CPU
		{773B18A6-5864-4FAE-B6B0-A863FE8F151C}.Release|Any CPU.Build.0 = Release|Any CPU
		{8EF917C9-479A-4DE1-9FE1-EB0066BA601A}.Debug|Any CPU.ActiveCfg = Debug|Any CPU
		{8EF917C9-479A-4DE1-9FE1-EB0066BA601A}.Debug|Any CPU.Build.0 = Debug|Any CPU
		{8EF917C9-479A-4DE1-9FE1-EB0066BA601A}.Release|Any CPU.ActiveCfg = Release|Any CPU
		{8EF917C9-479A-4DE1-9FE1-EB0066BA601A}.Release|Any CPU.Build.0 = Release|Any CPU
		{99A0577B-3900-4A2D-905A-777FD86C60F8}.Debug|Any CPU.ActiveCfg = Debug|Any CPU
		{99A0577B-3900-4A2D-905A-777FD86C60F8}.Debug|Any CPU.Build.0 = Debug|Any CPU
		{99A0577B-3900-4A2D-905A-777FD86C60F8}.Release|Any CPU.ActiveCfg = Release|Any CPU
		{99A0577B-3900-4A2D-905A-777FD86C60F8}.Release|Any CPU.Build.0 = Release|Any CPU
		{7F367130-1A9C-4E87-AA50-620767F10EF7}.Debug|Any CPU.ActiveCfg = Debug|Any CPU
		{7F367130-1A9C-4E87-AA50-620767F10EF7}.Debug|Any CPU.Build.0 = Debug|Any CPU
		{7F367130-1A9C-4E87-AA50-620767F10EF7}.Release|Any CPU.ActiveCfg = Release|Any CPU
		{7F367130-1A9C-4E87-AA50-620767F10EF7}.Release|Any CPU.Build.0 = Release|Any CPU
		{BF698A87-5C8D-4C60-B704-9F1045156639}.Debug|Any CPU.ActiveCfg = Debug|Any CPU
		{BF698A87-5C8D-4C60-B704-9F1045156639}.Debug|Any CPU.Build.0 = Debug|Any CPU
		{BF698A87-5C8D-4C60-B704-9F1045156639}.Release|Any CPU.ActiveCfg = Release|Any CPU
		{BF698A87-5C8D-4C60-B704-9F1045156639}.Release|Any CPU.Build.0 = Release|Any CPU
		{0C78536E-AD2B-47CF-A784-3EBF49DD0A47}.Debug|Any CPU.ActiveCfg = Debug|Any CPU
		{0C78536E-AD2B-47CF-A784-3EBF49DD0A47}.Debug|Any CPU.Build.0 = Debug|Any CPU
		{0C78536E-AD2B-47CF-A784-3EBF49DD0A47}.Release|Any CPU.ActiveCfg = Release|Any CPU
		{0C78536E-AD2B-47CF-A784-3EBF49DD0A47}.Release|Any CPU.Build.0 = Release|Any CPU
		{DDCE02AF-6DEE-485B-AA69-C69F0973E00B}.Debug|Any CPU.ActiveCfg = Debug|Any CPU
		{DDCE02AF-6DEE-485B-AA69-C69F0973E00B}.Debug|Any CPU.Build.0 = Debug|Any CPU
		{DDCE02AF-6DEE-485B-AA69-C69F0973E00B}.Release|Any CPU.ActiveCfg = Release|Any CPU
		{DDCE02AF-6DEE-485B-AA69-C69F0973E00B}.Release|Any CPU.Build.0 = Release|Any CPU
		{F76CA92C-211B-46A7-8B21-A808291B268E}.Debug|Any CPU.ActiveCfg = Debug|Any CPU
		{F76CA92C-211B-46A7-8B21-A808291B268E}.Debug|Any CPU.Build.0 = Debug|Any CPU
		{F76CA92C-211B-46A7-8B21-A808291B268E}.Release|Any CPU.ActiveCfg = Release|Any CPU
		{F76CA92C-211B-46A7-8B21-A808291B268E}.Release|Any CPU.Build.0 = Release|Any CPU
		{1C184ECB-7653-4DC1-B453-E529656897CB}.Debug|Any CPU.ActiveCfg = Debug|Any CPU
		{1C184ECB-7653-4DC1-B453-E529656897CB}.Debug|Any CPU.Build.0 = Debug|Any CPU
		{1C184ECB-7653-4DC1-B453-E529656897CB}.Release|Any CPU.ActiveCfg = Release|Any CPU
		{1C184ECB-7653-4DC1-B453-E529656897CB}.Release|Any CPU.Build.0 = Release|Any CPU
		{6030010B-7BA2-4305-B999-F92995478E02}.Debug|Any CPU.ActiveCfg = Debug|Any CPU
		{6030010B-7BA2-4305-B999-F92995478E02}.Debug|Any CPU.Build.0 = Debug|Any CPU
		{6030010B-7BA2-4305-B999-F92995478E02}.Release|Any CPU.ActiveCfg = Release|Any CPU
		{6030010B-7BA2-4305-B999-F92995478E02}.Release|Any CPU.Build.0 = Release|Any CPU
		{9539D54D-1FBA-43D2-A813-E9EDB7976765}.Debug|Any CPU.ActiveCfg = Debug|Any CPU
		{9539D54D-1FBA-43D2-A813-E9EDB7976765}.Debug|Any CPU.Build.0 = Debug|Any CPU
		{9539D54D-1FBA-43D2-A813-E9EDB7976765}.Release|Any CPU.ActiveCfg = Release|Any CPU
		{9539D54D-1FBA-43D2-A813-E9EDB7976765}.Release|Any CPU.Build.0 = Release|Any CPU
		{DE71EFA5-C09A-4A04-9C27-DE2D360A3D10}.Debug|Any CPU.ActiveCfg = Debug|Any CPU
		{DE71EFA5-C09A-4A04-9C27-DE2D360A3D10}.Debug|Any CPU.Build.0 = Debug|Any CPU
		{DE71EFA5-C09A-4A04-9C27-DE2D360A3D10}.Release|Any CPU.ActiveCfg = Release|Any CPU
		{DE71EFA5-C09A-4A04-9C27-DE2D360A3D10}.Release|Any CPU.Build.0 = Release|Any CPU
		{30E1F265-B243-46F5-81D5-B94E597FBCCD}.Debug|Any CPU.ActiveCfg = Debug|Any CPU
		{30E1F265-B243-46F5-81D5-B94E597FBCCD}.Debug|Any CPU.Build.0 = Debug|Any CPU
		{30E1F265-B243-46F5-81D5-B94E597FBCCD}.Release|Any CPU.ActiveCfg = Release|Any CPU
		{30E1F265-B243-46F5-81D5-B94E597FBCCD}.Release|Any CPU.Build.0 = Release|Any CPU
	EndGlobalSection
	GlobalSection(SolutionProperties) = preSolution
		HideSolutionNode = FALSE
	EndGlobalSection
	GlobalSection(NestedProjects) = preSolution
		{99A0577B-3900-4A2D-905A-777FD86C60F8} = {7FADA9D9-5FDA-4CFB-8A53-A578A61FBBA9}
		{7F367130-1A9C-4E87-AA50-620767F10EF7} = {F71B8320-C279-4A79-A8D4-4039DB39D522}
		{BF698A87-5C8D-4C60-B704-9F1045156639} = {7FADA9D9-5FDA-4CFB-8A53-A578A61FBBA9}
		{0C78536E-AD2B-47CF-A784-3EBF49DD0A47} = {7FADA9D9-5FDA-4CFB-8A53-A578A61FBBA9}
		{DDCE02AF-6DEE-485B-AA69-C69F0973E00B} = {7FADA9D9-5FDA-4CFB-8A53-A578A61FBBA9}
		{F76CA92C-211B-46A7-8B21-A808291B268E} = {7FADA9D9-5FDA-4CFB-8A53-A578A61FBBA9}
		{30E1F265-B243-46F5-81D5-B94E597FBCCD} = {F71B8320-C279-4A79-A8D4-4039DB39D522}
		{94023B5A-0650-4E67-A685-D1C979DA717F} = {9A64FA9E-AC6C-4C1F-B648-E9E64F172EA8}
	EndGlobalSection
	GlobalSection(ExtensibilityGlobals) = postSolution
		SolutionGuid = {3103E11A-E792-49EE-98C5-B2F3709DB088}
	EndGlobalSection
EndGlobal
